
Microsoft Visual Studio Solution File, Format Version 12.00
# Visual Studio Version 17
VisualStudioVersion = 17.9.34616.47
MinimumVisualStudioVersion = 10.0.40219.1
Project("{FAE04EC0-301F-11D3-BF4B-00C04F79EFBC}") = "Numerical methods Lab2", "Numerical methods Lab2\Numerical methods Lab2.csproj", "{F569B692-971B-4BD5-9D80-912E7BE4B836}"
EndProject
Global
	GlobalSection(SolutionConfigurationPlatforms) = preSolution
		Debug|Any CPU = Debug|Any CPU
		Release|Any CPU = Release|Any CPU
	EndGlobalSection
	GlobalSection(ProjectConfigurationPlatforms) = postSolution
		{F569B692-971B-4BD5-9D80-912E7BE4B836}.Debug|Any CPU.ActiveCfg = Debug|Any CPU
		{F569B692-971B-4BD5-9D80-912E7BE4B836}.Debug|Any CPU.Build.0 = Debug|Any CPU
		{F569B692-971B-4BD5-9D80-912E7BE4B836}.Release|Any CPU.ActiveCfg = Release|Any CPU
		{F569B692-971B-4BD5-9D80-912E7BE4B836}.Release|Any CPU.Build.0 = Release|Any CPU
	EndGlobalSection
	GlobalSection(SolutionProperties) = preSolution
		HideSolutionNode = FALSE
	EndGlobalSection
	GlobalSection(ExtensibilityGlobals) = postSolution
		SolutionGuid = {A87FDE07-EA33-4FB8-A430-56289FCF8360}
	EndGlobalSection
EndGlobal
